<?xml version="1.0" encoding="utf-8"?>
<Project ToolsVersion="4.0" xmlns="http://schemas.microsoft.com/developer/msbuild/2003">
  <ItemGroup>
    <ClInclude Include="targetver.h" />
    <ClInclude Include="stdafx.h" />
    <ClInclude Include="Timer.h" />
    <ClInclude Include="MergeSort.h" />
    <ClInclude Include="GetMostCommonLetter.h" />
    <ClInclude Include="ComputePrimes.h" />
    <ClInclude Include="ReverseWords.h" />
    <ClInclude Include="Cache.h" />
    <ClInclude Include="JobQueue.h" />
    <ClInclude Include="CountLatch.h" />
    <ClInclude Include="BigUInt.h" />
    <ClInclude Include="ConvertBase.h" />
    <ClInclude Include="BinarySearchTree.h" />
    <ClInclude Include="MemoryPoolChain.h" />
    <ClInclude Include="MemoryChain.h" />
    <ClInclude Include="ThinkTree.h" />
  </ItemGroup>
  <ItemGroup>
    <ClCompile Include="stdafx.cpp" />
    <ClCompile Include="MergeSort.cpp" />
    <ClCompile Include="Timer.cpp" />
    <ClCompile Include="Main.cpp" />
    <ClCompile Include="JobQueue.cpp" />
    <ClCompile Include="BigUInt.cpp" />
    <ClCompile Include="BinarySearchTree.cpp" />
    <ClCompile Include="MemoryPoolChain.cpp" />
    <ClCompile Include="MemoryChain.cpp" />
    <ClCompile Include="ThinkTree.cpp" />
  </ItemGroup>
  <ItemGroup>
    <None Include="README.md" />
  </ItemGroup>
</Project>